
Microsoft Visual Studio Solution File, Format Version 12.00
# Visual Studio Version 17
VisualStudioVersion = 17.4.33205.214
MinimumVisualStudioVersion = 10.0.40219.1
Project("{FAE04EC0-301F-11D3-BF4B-00C04F79EFBC}") = "MockWebProject", "MockWebProject.csproj", "{08A6C369-FB6E-48C5-BC4E-D191D19BE38E}"
EndProject
Global
	GlobalSection(SolutionConfigurationPlatforms) = preSolution
		Debug|Any CPU = Debug|Any CPU
		Release|Any CPU = Release|Any CPU
	EndGlobalSection
	GlobalSection(ProjectConfigurationPlatforms) = postSolution
		{08A6C369-FB6E-48C5-BC4E-D191D19BE38E}.Debug|Any CPU.ActiveCfg = Debug|Any CPU
		{08A6C369-FB6E-48C5-BC4E-D191D19BE38E}.Debug|Any CPU.Build.0 = Debug|Any CPU
		{08A6C369-FB6E-48C5-BC4E-D191D19BE38E}.Release|Any CPU.ActiveCfg = Release|Any CPU
		{08A6C369-FB6E-48C5-BC4E-D191D19BE38E}.Release|Any CPU.Build.0 = Release|Any CPU
	EndGlobalSection
	GlobalSection(SolutionProperties) = preSolution
		HideSolutionNode = FALSE
	EndGlobalSection
	GlobalSection(ExtensibilityGlobals) = postSolution
		SolutionGuid = {B9004070-3F92-4AC1-B7CA-2B056BDBBC7E}
	EndGlobalSection
EndGlobal
